
Microsoft Visual Studio Solution File, Format Version 12.00
# Visual Studio Version 17
VisualStudioVersion = 17.4.33103.184
MinimumVisualStudioVersion = 10.0.40219.1
Project("{FAE04EC0-301F-11D3-BF4B-00C04F79EFBC}") = "PDB2ePubChs", "PDB2ePubChs\PDB2ePubChs.csproj", "{BF97FCFC-C97F-46EC-8807-77226C724F71}"
EndProject
Project("{FAE04EC0-301F-11D3-BF4B-00C04F79EFBC}") = "PDB2ePubChsGUI", "PDB2ePubChsGUI\PDB2ePubChsGUI.csproj", "{4DC4F47D-7ACE-432D-85DC-106F5F14CB73}"
EndProject
Global
	GlobalSection(SolutionConfigurationPlatforms) = preSolution
		Debug|Any CPU = Debug|Any CPU
		Release|Any CPU = Release|Any CPU
	EndGlobalSection
	GlobalSection(ProjectConfigurationPlatforms) = postSolution
		{BF97FCFC-C97F-46EC-8807-77226C724F71}.Debug|Any CPU.ActiveCfg = Debug|Any CPU
		{BF97FCFC-C97F-46EC-8807-77226C724F71}.Debug|Any CPU.Build.0 = Debug|Any CPU
		{BF97FCFC-C97F-46EC-8807-77226C724F71}.Release|Any CPU.ActiveCfg = Release|Any CPU
		{BF97FCFC-C97F-46EC-8807-77226C724F71}.Release|Any CPU.Build.0 = Release|Any CPU
		{4DC4F47D-7ACE-432D-85DC-106F5F14CB73}.Debug|Any CPU.ActiveCfg = Debug|Any CPU
		{4DC4F47D-7ACE-432D-85DC-106F5F14CB73}.Debug|Any CPU.Build.0 = Debug|Any CPU
		{4DC4F47D-7ACE-432D-85DC-106F5F14CB73}.Release|Any CPU.ActiveCfg = Release|Any CPU
		{4DC4F47D-7ACE-432D-85DC-106F5F14CB73}.Release|Any CPU.Build.0 = Release|Any CPU
	EndGlobalSection
	GlobalSection(SolutionProperties) = preSolution
		HideSolutionNode = FALSE
	EndGlobalSection
	GlobalSection(ExtensibilityGlobals) = postSolution
		SolutionGuid = {060D9058-8DCB-4BF0-A77C-5647AB6D99D0}
	EndGlobalSection
EndGlobal
